
Microsoft Visual Studio Solution File, Format Version 12.00
# Visual Studio 2013
VisualStudioVersion = 12.0.31101.0
MinimumVisualStudioVersion = 10.0.40219.1
Project("{FAE04EC0-301F-11D3-BF4B-00C04F79EFBC}") = "CrystalQuartz.Samples.OwinConsole", "01_Owin_SelfHosted\CrystalQuartz.Samples.OwinConsole\CrystalQuartz.Samples.OwinConsole.csproj", "{4FE66773-56D0-46FD-8F00-E3F87C46EBFB}"
EndProject
Project("{2150E333-8FDC-42A3-9474-1A3956D46DE8}") = ".nuget", ".nuget", "{CD640304-727B-4FFA-9561-6BCB4E673AF3}"
	ProjectSection(SolutionItems) = preProject
		.nuget\NuGet.Config = .nuget\NuGet.Config
		.nuget\NuGet.exe = .nuget\NuGet.exe
		.nuget\NuGet.targets = .nuget\NuGet.targets
	EndProjectSection
EndProject
Project("{2150E333-8FDC-42A3-9474-1A3956D46DE8}") = "01_Owin_SelfHosted", "01_Owin_SelfHosted", "{97490198-9BF6-466D-8CC8-27029C24A31C}"
EndProject
Project("{FAE04EC0-301F-11D3-BF4B-00C04F79EFBC}") = "CrystalQuartz.Samples.CustomStyling", "06_CustomStyles\CrystalQuartz.Samples.CustomStyling\CrystalQuartz.Samples.CustomStyling.csproj", "{E4A88D8C-9D5B-4CD6-BAD7-F5EE66E4E732}"
EndProject
Project("{2150E333-8FDC-42A3-9474-1A3956D46DE8}") = "06_CustomStyles", "06_CustomStyles", "{CA14258F-ACF7-4143-9F6B-EB4F2F9E5FCD}"
EndProject
Project("{FAE04EC0-301F-11D3-BF4B-00C04F79EFBC}") = "CrystalQuartz.Samples.RemoteScheduler", "05_SystemWeb_Remote\CrystalQuartz.Samples.RemoteScheduler\CrystalQuartz.Samples.RemoteScheduler.csproj", "{A902CAF5-66A1-4F5B-BA1B-8512203D51CA}"
EndProject
Project("{FAE04EC0-301F-11D3-BF4B-00C04F79EFBC}") = "CrystalQuartz.Samples.RemoteScheduler.Server", "05_SystemWeb_Remote\CrystalQuartz.Samples.RemoteScheduler.Server\CrystalQuartz.Samples.RemoteScheduler.Server.csproj", "{B255F300-9315-45DE-83BE-AB12E7DB859D}"
EndProject
Project("{2150E333-8FDC-42A3-9474-1A3956D46DE8}") = "05_SystemWeb_Remote", "05_SystemWeb_Remote", "{A58F9632-5F87-4FA9-A3B8-43ECAC7945FF}"
EndProject
Project("{2150E333-8FDC-42A3-9474-1A3956D46DE8}") = "03_Owin_Web_Remote", "03_Owin_Web_Remote", "{BDA40D8C-EF2A-4214-9027-54964FCBDB5A}"
EndProject
Project("{FAE04EC0-301F-11D3-BF4B-00C04F79EFBC}") = "CrystalQuarts.Samples.Common", "CrystalQuarts.Samples.Common\CrystalQuarts.Samples.Common.csproj", "{155D162E-B22F-49DE-8ACA-94DFDBC9F7E8}"
EndProject
Project("{FAE04EC0-301F-11D3-BF4B-00C04F79EFBC}") = "CrystalQuartz.Samples.OwinRemote.Server", "03_Owin_Web_Remote\CrystalQuartz.Samples.OwinRemote.Server\CrystalQuartz.Samples.OwinRemote.Server.csproj", "{0BB8D935-8758-4667-91F2-63F7D2C70A1F}"
EndProject
Project("{FAE04EC0-301F-11D3-BF4B-00C04F79EFBC}") = "CrystalQuartz.Samples.OwinRemote", "03_Owin_Web_Remote\CrystalQuartz.Samples.OwinRemote\CrystalQuartz.Samples.OwinRemote.csproj", "{1B7BFBF8-52AF-4A2E-B75E-6360590B4C21}"
EndProject
Project("{2150E333-8FDC-42A3-9474-1A3956D46DE8}") = "02_Owin_Web_Simple", "02_Owin_Web_Simple", "{558F3E77-DB22-45E5-A9B9-1B86556305BF}"
EndProject
Project("{FAE04EC0-301F-11D3-BF4B-00C04F79EFBC}") = "CrystalQuartz.Samples.OwinSimple", "02_Owin_Web_Simple\CrystalQuartz.Samples.OwinSimple\CrystalQuartz.Samples.OwinSimple.csproj", "{AA19F41C-47B8-4FB0-889F-955B63AD6268}"
EndProject
Global
	GlobalSection(SolutionConfigurationPlatforms) = preSolution
		Debug|Any CPU = Debug|Any CPU
		Release|Any CPU = Release|Any CPU
	EndGlobalSection
	GlobalSection(ProjectConfigurationPlatforms) = postSolution
		{4FE66773-56D0-46FD-8F00-E3F87C46EBFB}.Debug|Any CPU.ActiveCfg = Debug|Any CPU
		{4FE66773-56D0-46FD-8F00-E3F87C46EBFB}.Debug|Any CPU.Build.0 = Debug|Any CPU
		{4FE66773-56D0-46FD-8F00-E3F87C46EBFB}.Release|Any CPU.ActiveCfg = Release|Any CPU
		{4FE66773-56D0-46FD-8F00-E3F87C46EBFB}.Release|Any CPU.Build.0 = Release|Any CPU
		{E4A88D8C-9D5B-4CD6-BAD7-F5EE66E4E732}.Debug|Any CPU.ActiveCfg = Debug|Any CPU
		{E4A88D8C-9D5B-4CD6-BAD7-F5EE66E4E732}.Debug|Any CPU.Build.0 = Debug|Any CPU
		{E4A88D8C-9D5B-4CD6-BAD7-F5EE66E4E732}.Release|Any CPU.ActiveCfg = Release|Any CPU
		{E4A88D8C-9D5B-4CD6-BAD7-F5EE66E4E732}.Release|Any CPU.Build.0 = Release|Any CPU
		{A902CAF5-66A1-4F5B-BA1B-8512203D51CA}.Debug|Any CPU.ActiveCfg = Debug|Any CPU
		{A902CAF5-66A1-4F5B-BA1B-8512203D51CA}.Debug|Any CPU.Build.0 = Debug|Any CPU
		{A902CAF5-66A1-4F5B-BA1B-8512203D51CA}.Release|Any CPU.ActiveCfg = Release|Any CPU
		{A902CAF5-66A1-4F5B-BA1B-8512203D51CA}.Release|Any CPU.Build.0 = Release|Any CPU
		{B255F300-9315-45DE-83BE-AB12E7DB859D}.Debug|Any CPU.ActiveCfg = Debug|Any CPU
		{B255F300-9315-45DE-83BE-AB12E7DB859D}.Debug|Any CPU.Build.0 = Debug|Any CPU
		{B255F300-9315-45DE-83BE-AB12E7DB859D}.Release|Any CPU.ActiveCfg = Release|Any CPU
		{B255F300-9315-45DE-83BE-AB12E7DB859D}.Release|Any CPU.Build.0 = Release|Any CPU
		{155D162E-B22F-49DE-8ACA-94DFDBC9F7E8}.Debug|Any CPU.ActiveCfg = Debug|Any CPU
		{155D162E-B22F-49DE-8ACA-94DFDBC9F7E8}.Debug|Any CPU.Build.0 = Debug|Any CPU
		{155D162E-B22F-49DE-8ACA-94DFDBC9F7E8}.Release|Any CPU.ActiveCfg = Release|Any CPU
		{155D162E-B22F-49DE-8ACA-94DFDBC9F7E8}.Release|Any CPU.Build.0 = Release|Any CPU
		{0BB8D935-8758-4667-91F2-63F7D2C70A1F}.Debug|Any CPU.ActiveCfg = Debug|Any CPU
		{0BB8D935-8758-4667-91F2-63F7D2C70A1F}.Debug|Any CPU.Build.0 = Debug|Any CPU
		{0BB8D935-8758-4667-91F2-63F7D2C70A1F}.Release|Any CPU.ActiveCfg = Release|Any CPU
		{0BB8D935-8758-4667-91F2-63F7D2C70A1F}.Release|Any CPU.Build.0 = Release|Any CPU
		{1B7BFBF8-52AF-4A2E-B75E-6360590B4C21}.Debug|Any CPU.ActiveCfg = Debug|Any CPU
		{1B7BFBF8-52AF-4A2E-B75E-6360590B4C21}.Debug|Any CPU.Build.0 = Debug|Any CPU
		{1B7BFBF8-52AF-4A2E-B75E-6360590B4C21}.Release|Any CPU.ActiveCfg = Release|Any CPU
		{1B7BFBF8-52AF-4A2E-B75E-6360590B4C21}.Release|Any CPU.Build.0 = Release|Any CPU
		{AA19F41C-47B8-4FB0-889F-955B63AD6268}.Debug|Any CPU.ActiveCfg = Debug|Any CPU
		{AA19F41C-47B8-4FB0-889F-955B63AD6268}.Debug|Any CPU.Build.0 = Debug|Any CPU
		{AA19F41C-47B8-4FB0-889F-955B63AD6268}.Release|Any CPU.ActiveCfg = Release|Any CPU
		{AA19F41C-47B8-4FB0-889F-955B63AD6268}.Release|Any CPU.Build.0 = Release|Any CPU
	EndGlobalSection
	GlobalSection(SolutionProperties) = preSolution
		HideSolutionNode = FALSE
	EndGlobalSection
	GlobalSection(NestedProjects) = preSolution
		{4FE66773-56D0-46FD-8F00-E3F87C46EBFB} = {97490198-9BF6-466D-8CC8-27029C24A31C}
		{E4A88D8C-9D5B-4CD6-BAD7-F5EE66E4E732} = {CA14258F-ACF7-4143-9F6B-EB4F2F9E5FCD}
		{A902CAF5-66A1-4F5B-BA1B-8512203D51CA} = {A58F9632-5F87-4FA9-A3B8-43ECAC7945FF}
		{B255F300-9315-45DE-83BE-AB12E7DB859D} = {A58F9632-5F87-4FA9-A3B8-43ECAC7945FF}
		{0BB8D935-8758-4667-91F2-63F7D2C70A1F} = {BDA40D8C-EF2A-4214-9027-54964FCBDB5A}
		{1B7BFBF8-52AF-4A2E-B75E-6360590B4C21} = {BDA40D8C-EF2A-4214-9027-54964FCBDB5A}
		{AA19F41C-47B8-4FB0-889F-955B63AD6268} = {558F3E77-DB22-45E5-A9B9-1B86556305BF}
	EndGlobalSection
EndGlobal
